# This file is automatically @generated by Cargo.
# It is not intended for manual editing.
version = 4

[[package]]
name = "eitmad-admin-plane"
version = "0.0.0"

[[package]]
name = "eitmad-authorization"
version = "0.0.0"

[[package]]
name = "eitmad-contracts"
version = "0.0.0"

[[package]]
name = "eitmad-control-plane"
version = "0.0.0"

[[package]]
name = "eitmad-engine-cli"
version = "0.0.0"

[[package]]
name = "eitmad-engine-runtime"
version = "0.0.0"

[[package]]
name = "eitmad-extensions"
version = "0.0.0"

[[package]]
name = "eitmad-external-integrations"
version = "0.0.0"

[[package]]
name = "eitmad-observability-audit"
version = "0.0.0"

[[package]]
name = "eitmad-relay-plane"
version = "0.0.0"

[[package]]
name = "eitmad-storage"
version = "0.0.0"

[[package]]
name = "eitmad-sync"
version = "0.0.0"

[[package]]
name = "eitmad-sync-plane"
version = "0.0.0"

[[package]]
name = "eitmad-update-plane"
version = "0.0.0"

[[package]]
name = "eitmad-update-policy"
version = "0.0.0"
